// !$*UTF8*$!
{
	archiveVersion = 1;
	classes = {
	};
	objectVersion = 50;
	objects = {

/* Begin PBXBuildFile section */
		1117D8723BB2A3B6F23ED73C /* OpcodeData.swift in Sources */ = {isa = PBXBuildFile; fileRef = 1117D82A51262B865038707F /* OpcodeData.swift */; };
		1117DCB3F5D984F414EE90AF /* CPUClock.swift in Sources */ = {isa = PBXBuildFile; fileRef = 1117DD9CF61D4D1CEC0AA1B8 /* CPUClock.swift */; };
		1117DE6990D80E8F250579E0 /* Tools.swift in Sources */ = {isa = PBXBuildFile; fileRef = 1117D350304371409338CF99 /* Tools.swift */; };
		1117DF76F074C10606826202 /* OpCodes.swift in Sources */ = {isa = PBXBuildFile; fileRef = 1117DD88DC95C4D095ADA633 /* OpCodes.swift */; };
		83A898FF2472E617002F2121 /* Emu6510.framework in Frameworks */ = {isa = PBXBuildFile; fileRef = 83A898F52472E617002F2121 /* Emu6510.framework */; };
		83A899042472E617002F2121 /* Emu6510Tests.swift in Sources */ = {isa = PBXBuildFile; fileRef = 83A899032472E617002F2121 /* Emu6510Tests.swift */; };
		83A899062472E617002F2121 /* Emu6510.h in Headers */ = {isa = PBXBuildFile; fileRef = 83A898F82472E617002F2121 /* Emu6510.h */; settings = {ATTRIBUTES = (Public, ); }; };
		83A899112472E64A002F2121 /* Rubicon.framework in Frameworks */ = {isa = PBXBuildFile; fileRef = 83A899102472E64A002F2121 /* Rubicon.framework */; };
		83A899122472E64A002F2121 /* Rubicon.framework in Embed Frameworks */ = {isa = PBXBuildFile; fileRef = 83A899102472E64A002F2121 /* Rubicon.framework */; settings = {ATTRIBUTES = (CodeSignOnCopy, RemoveHeadersOnCopy, ); }; };
		83A8991B2472E678002F2121 /* main.swift in Sources */ = {isa = PBXBuildFile; fileRef = 83A8991A2472E678002F2121 /* main.swift */; };
		83A899202472E688002F2121 /* PGDocFixer.framework in Frameworks */ = {isa = PBXBuildFile; fileRef = 83A8991F2472E688002F2121 /* PGDocFixer.framework */; };
		83A899212472E688002F2121 /* PGDocFixer.framework in Embed Frameworks */ = {isa = PBXBuildFile; fileRef = 83A8991F2472E688002F2121 /* PGDocFixer.framework */; settings = {ATTRIBUTES = (CodeSignOnCopy, RemoveHeadersOnCopy, ); }; };
		83A8992A2472E7EE002F2121 /* CPU65xx.swift in Sources */ = {isa = PBXBuildFile; fileRef = 83A899262472E7EE002F2121 /* CPU65xx.swift */; };
		83A8992C2472E7EE002F2121 /* Emu6510.swift in Sources */ = {isa = PBXBuildFile; fileRef = 83A899282472E7EE002F2121 /* Emu6510.swift */; };
		83A8992D2472E7EE002F2121 /* MemoryManager.swift in Sources */ = {isa = PBXBuildFile; fileRef = 83A899292472E7EE002F2121 /* MemoryManager.swift */; };
/* End PBXBuildFile section */

/* Begin PBXContainerItemProxy section */
		83A899002472E617002F2121 /* PBXContainerItemProxy */ = {
			isa = PBXContainerItemProxy;
			containerPortal = 83A898EC2472E617002F2121 /* Project object */;
			proxyType = 1;
			remoteGlobalIDString = 83A898F42472E617002F2121;
			remoteInfo = Emu6510;
		};
/* End PBXContainerItemProxy section */

/* Begin PBXCopyFilesBuildPhase section */
		83A899132472E64A002F2121 /* Embed Frameworks */ = {
			isa = PBXCopyFilesBuildPhase;
			buildActionMask = 2147483647;
			dstPath = "";
			dstSubfolderSpec = 10;
			files = (
				83A899122472E64A002F2121 /* Rubicon.framework in Embed Frameworks */,
			);
			name = "Embed Frameworks";
			runOnlyForDeploymentPostprocessing = 0;
		};
		83A899162472E678002F2121 /* CopyFiles */ = {
			isa = PBXCopyFilesBuildPhase;
			buildActionMask = 2147483647;
			dstPath = /usr/share/man/man1/;
			dstSubfolderSpec = 0;
			files = (
			);
			runOnlyForDeploymentPostprocessing = 1;
		};
		83A899222472E688002F2121 /* Embed Frameworks */ = {
			isa = PBXCopyFilesBuildPhase;
			buildActionMask = 2147483647;
			dstPath = "";
			dstSubfolderSpec = 10;
			files = (
				83A899212472E688002F2121 /* PGDocFixer.framework in Embed Frameworks */,
			);
			name = "Embed Frameworks";
			runOnlyForDeploymentPostprocessing = 0;
		};
/* End PBXCopyFilesBuildPhase section */

/* Begin PBXFileReference section */
		1117D350304371409338CF99 /* Tools.swift */ = {isa = PBXFileReference; fileEncoding = 4; lastKnownFileType = sourcecode.swift; path = Tools.swift; sourceTree = "<group>"; };
		1117D4C21471A1189FA22C82 /* opcodes.txt */ = {isa = PBXFileReference; fileEncoding = 4; lastKnownFileType = text; path = opcodes.txt; sourceTree = "<group>"; };
		1117D82A51262B865038707F /* OpcodeData.swift */ = {isa = PBXFileReference; fileEncoding = 4; lastKnownFileType = sourcecode.swift; path = OpcodeData.swift; sourceTree = "<group>"; };
		1117DC56F2E485B64ECD924A /* 65c02.csv */ = {isa = PBXFileReference; lastKnownFileType = file.csv; path = 65c02.csv; sourceTree = "<group>"; };
		1117DD88DC95C4D095ADA633 /* OpCodes.swift */ = {isa = PBXFileReference; fileEncoding = 4; lastKnownFileType = sourcecode.swift; path = OpCodes.swift; sourceTree = "<group>"; };
		1117DD9CF61D4D1CEC0AA1B8 /* CPUClock.swift */ = {isa = PBXFileReference; fileEncoding = 4; lastKnownFileType = sourcecode.swift; path = CPUClock.swift; sourceTree = "<group>"; };
		83A898F52472E617002F2121 /* Emu6510.framework */ = {isa = PBXFileReference; explicitFileType = wrapper.framework; includeInIndex = 0; path = Emu6510.framework; sourceTree = BUILT_PRODUCTS_DIR; };
		83A898F82472E617002F2121 /* Emu6510.h */ = {isa = PBXFileReference; lastKnownFileType = sourcecode.c.h; path = Emu6510.h; sourceTree = "<group>"; };
		83A898F92472E617002F2121 /* Info.plist */ = {isa = PBXFileReference; lastKnownFileType = text.plist.xml; path = Info.plist; sourceTree = "<group>"; };
		83A898FE2472E617002F2121 /* Emu6510Tests.xctest */ = {isa = PBXFileReference; explicitFileType = wrapper.cfbundle; includeInIndex = 0; path = Emu6510Tests.xctest; sourceTree = BUILT_PRODUCTS_DIR; };
		83A899032472E617002F2121 /* Emu6510Tests.swift */ = {isa = PBXFileReference; lastKnownFileType = sourcecode.swift; path = Emu6510Tests.swift; sourceTree = "<group>"; };
		83A899052472E617002F2121 /* Info.plist */ = {isa = PBXFileReference; lastKnownFileType = text.plist.xml; path = Info.plist; sourceTree = "<group>"; };
		83A899102472E64A002F2121 /* Rubicon.framework */ = {isa = PBXFileReference; lastKnownFileType = wrapper.framework; name = Rubicon.framework; path = ../../../../Library/Frameworks/Rubicon.framework; sourceTree = "<group>"; };
		83A899182472E678002F2121 /* DocFixer */ = {isa = PBXFileReference; explicitFileType = "compiled.mach-o.executable"; includeInIndex = 0; path = DocFixer; sourceTree = BUILT_PRODUCTS_DIR; };
		83A8991A2472E678002F2121 /* main.swift */ = {isa = PBXFileReference; lastKnownFileType = sourcecode.swift; path = main.swift; sourceTree = "<group>"; };
		83A8991F2472E688002F2121 /* PGDocFixer.framework */ = {isa = PBXFileReference; lastKnownFileType = wrapper.framework; name = PGDocFixer.framework; path = ../../../../Library/Frameworks/PGDocFixer.framework; sourceTree = "<group>"; };
		83A899232472E6D7002F2121 /* build.sh */ = {isa = PBXFileReference; lastKnownFileType = text.script.sh; path = build.sh; sourceTree = "<group>"; };
		83A899242472E6D7002F2121 /* docfixer.sh */ = {isa = PBXFileReference; lastKnownFileType = text.script.sh; path = docfixer.sh; sourceTree = "<group>"; };
		83A899252472E6D7002F2121 /* README.md */ = {isa = PBXFileReference; lastKnownFileType = net.daringfireball.markdown; path = README.md; sourceTree = "<group>"; };
		83A899262472E7EE002F2121 /* CPU65xx.swift */ = {isa = PBXFileReference; fileEncoding = 4; lastKnownFileType = sourcecode.swift; path = CPU65xx.swift; sourceTree = "<group>"; };
		83A899282472E7EE002F2121 /* Emu6510.swift */ = {isa = PBXFileReference; fileEncoding = 4; lastKnownFileType = sourcecode.swift; path = Emu6510.swift; sourceTree = "<group>"; };
		83A899292472E7EE002F2121 /* MemoryManager.swift */ = {isa = PBXFileReference; fileEncoding = 4; lastKnownFileType = sourcecode.swift; path = MemoryManager.swift; sourceTree = "<group>"; };
/* End PBXFileReference section */

/* Begin PBXFrameworksBuildPhase section */
		83A898F22472E617002F2121 /* Frameworks */ = {
			isa = PBXFrameworksBuildPhase;
			buildActionMask = 2147483647;
			files = (
				83A899112472E64A002F2121 /* Rubicon.framework in Frameworks */,
			);
			runOnlyForDeploymentPostprocessing = 0;
		};
		83A898FB2472E617002F2121 /* Frameworks */ = {
			isa = PBXFrameworksBuildPhase;
			buildActionMask = 2147483647;
			files = (
				83A898FF2472E617002F2121 /* Emu6510.framework in Frameworks */,
			);
			runOnlyForDeploymentPostprocessing = 0;
		};
		83A899152472E678002F2121 /* Frameworks */ = {
			isa = PBXFrameworksBuildPhase;
			buildActionMask = 2147483647;
			files = (
				83A899202472E688002F2121 /* PGDocFixer.framework in Frameworks */,
			);
			runOnlyForDeploymentPostprocessing = 0;
		};
/* End PBXFrameworksBuildPhase section */

/* Begin PBXGroup section */
		83A898EB2472E617002F2121 = {
			isa = PBXGroup;
			children = (
				83A899232472E6D7002F2121 /* build.sh */,
				83A899242472E6D7002F2121 /* docfixer.sh */,
				83A899252472E6D7002F2121 /* README.md */,
				83A898F72472E617002F2121 /* Emu6510 */,
				83A899022472E617002F2121 /* Emu6510Tests */,
				83A899192472E678002F2121 /* DocFixer */,
				83A898F62472E617002F2121 /* Products */,
				83A8990F2472E64A002F2121 /* Frameworks */,
				1117DC56F2E485B64ECD924A /* 65c02.csv */,
				1117D4C21471A1189FA22C82 /* opcodes.txt */,
			);
			sourceTree = "<group>";
		};
		83A898F62472E617002F2121 /* Products */ = {
			isa = PBXGroup;
			children = (
				83A898F52472E617002F2121 /* Emu6510.framework */,
				83A898FE2472E617002F2121 /* Emu6510Tests.xctest */,
				83A899182472E678002F2121 /* DocFixer */,
			);
			name = Products;
			sourceTree = "<group>";
		};
		83A898F72472E617002F2121 /* Emu6510 */ = {
			isa = PBXGroup;
			children = (
				83A899262472E7EE002F2121 /* CPU65xx.swift */,
				83A899282472E7EE002F2121 /* Emu6510.swift */,
				83A899292472E7EE002F2121 /* MemoryManager.swift */,
				83A898F82472E617002F2121 /* Emu6510.h */,
				83A898F92472E617002F2121 /* Info.plist */,
				1117DD9CF61D4D1CEC0AA1B8 /* CPUClock.swift */,
				1117D350304371409338CF99 /* Tools.swift */,
				1117D82A51262B865038707F /* OpcodeData.swift */,
			);
			path = Emu6510;
			sourceTree = "<group>";
		};
		83A899022472E617002F2121 /* Emu6510Tests */ = {
			isa = PBXGroup;
			children = (
				83A899032472E617002F2121 /* Emu6510Tests.swift */,
				83A899052472E617002F2121 /* Info.plist */,
				1117DD88DC95C4D095ADA633 /* OpCodes.swift */,
			);
			path = Emu6510Tests;
			sourceTree = "<group>";
		};
		83A8990F2472E64A002F2121 /* Frameworks */ = {
			isa = PBXGroup;
			children = (
				83A8991F2472E688002F2121 /* PGDocFixer.framework */,
				83A899102472E64A002F2121 /* Rubicon.framework */,
			);
			name = Frameworks;
			sourceTree = "<group>";
		};
		83A899192472E678002F2121 /* DocFixer */ = {
			isa = PBXGroup;
			children = (
				83A8991A2472E678002F2121 /* main.swift */,
			);
			path = DocFixer;
			sourceTree = "<group>";
		};
/* End PBXGroup section */

/* Begin PBXHeadersBuildPhase section */
		83A898F02472E617002F2121 /* Headers */ = {
			isa = PBXHeadersBuildPhase;
			buildActionMask = 2147483647;
			files = (
				83A899062472E617002F2121 /* Emu6510.h in Headers */,
			);
			runOnlyForDeploymentPostprocessing = 0;
		};
/* End PBXHeadersBuildPhase section */

/* Begin PBXNativeTarget section */
		83A898F42472E617002F2121 /* Emu6510 */ = {
			isa = PBXNativeTarget;
			buildConfigurationList = 83A899092472E617002F2121 /* Build configuration list for PBXNativeTarget "Emu6510" */;
			buildPhases = (
				83A898F02472E617002F2121 /* Headers */,
				83A898F12472E617002F2121 /* Sources */,
				83A898F22472E617002F2121 /* Frameworks */,
				83A898F32472E617002F2121 /* Resources */,
				83A899132472E64A002F2121 /* Embed Frameworks */,
			);
			buildRules = (
			);
			dependencies = (
			);
			name = Emu6510;
			productName = Emu6510;
			productReference = 83A898F52472E617002F2121 /* Emu6510.framework */;
			productType = "com.apple.product-type.framework";
		};
		83A898FD2472E617002F2121 /* Emu6510Tests */ = {
			isa = PBXNativeTarget;
			buildConfigurationList = 83A8990C2472E617002F2121 /* Build configuration list for PBXNativeTarget "Emu6510Tests" */;
			buildPhases = (
				83A898FA2472E617002F2121 /* Sources */,
				83A898FB2472E617002F2121 /* Frameworks */,
				83A898FC2472E617002F2121 /* Resources */,
			);
			buildRules = (
			);
			dependencies = (
				83A899012472E617002F2121 /* PBXTargetDependency */,
			);
			name = Emu6510Tests;
			productName = Emu6510Tests;
			productReference = 83A898FE2472E617002F2121 /* Emu6510Tests.xctest */;
			productType = "com.apple.product-type.bundle.unit-test";
		};
		83A899172472E678002F2121 /* DocFixer */ = {
			isa = PBXNativeTarget;
			buildConfigurationList = 83A8991C2472E678002F2121 /* Build configuration list for PBXNativeTarget "DocFixer" */;
			buildPhases = (
				83A899142472E678002F2121 /* Sources */,
				83A899152472E678002F2121 /* Frameworks */,
				83A899162472E678002F2121 /* CopyFiles */,
				83A899222472E688002F2121 /* Embed Frameworks */,
			);
			buildRules = (
			);
			dependencies = (
			);
			name = DocFixer;
			productName = DocFixer;
			productReference = 83A899182472E678002F2121 /* DocFixer */;
			productType = "com.apple.product-type.tool";
		};
/* End PBXNativeTarget section */

/* Begin PBXProject section */
		83A898EC2472E617002F2121 /* Project object */ = {
			isa = PBXProject;
			attributes = {
				LastSwiftUpdateCheck = 1140;
				LastUpgradeCheck = 1140;
				ORGANIZATIONNAME = "Project Galen";
				TargetAttributes = {
					83A898F42472E617002F2121 = {
						CreatedOnToolsVersion = 11.4.1;
						LastSwiftMigration = 1140;
					};
					83A898FD2472E617002F2121 = {
						CreatedOnToolsVersion = 11.4.1;
					};
					83A899172472E678002F2121 = {
						CreatedOnToolsVersion = 11.4.1;
					};
				};
			};
			buildConfigurationList = 83A898EF2472E617002F2121 /* Build configuration list for PBXProject "Emu6510" */;
			compatibilityVersion = "Xcode 9.3";
			developmentRegion = en;
			hasScannedForEncodings = 0;
			knownRegions = (
				en,
				Base,
			);
			mainGroup = 83A898EB2472E617002F2121;
			productRefGroup = 83A898F62472E617002F2121 /* Products */;
			projectDirPath = "";
			projectRoot = "";
			targets = (
				83A898F42472E617002F2121 /* Emu6510 */,
				83A898FD2472E617002F2121 /* Emu6510Tests */,
				83A899172472E678002F2121 /* DocFixer */,
			);
		};
/* End PBXProject section */

/* Begin PBXResourcesBuildPhase section */
		83A898F32472E617002F2121 /* Resources */ = {
			isa = PBXResourcesBuildPhase;
			buildActionMask = 2147483647;
			files = (
			);
			runOnlyForDeploymentPostprocessing = 0;
		};
		83A898FC2472E617002F2121 /* Resources */ = {
			isa = PBXResourcesBuildPhase;
			buildActionMask = 2147483647;
			files = (
			);
			runOnlyForDeploymentPostprocessing = 0;
		};
/* End PBXResourcesBuildPhase section */

/* Begin PBXSourcesBuildPhase section */
		83A898F12472E617002F2121 /* Sources */ = {
			isa = PBXSourcesBuildPhase;
			buildActionMask = 2147483647;
			files = (
				83A8992A2472E7EE002F2121 /* CPU65xx.swift in Sources */,
				83A8992C2472E7EE002F2121 /* Emu6510.swift in Sources */,
				83A8992D2472E7EE002F2121 /* MemoryManager.swift in Sources */,
				1117DCB3F5D984F414EE90AF /* CPUClock.swift in Sources */,
				1117DE6990D80E8F250579E0 /* Tools.swift in Sources */,
				1117D8723BB2A3B6F23ED73C /* OpcodeData.swift in Sources */,
			);
			runOnlyForDeploymentPostprocessing = 0;
		};
		83A898FA2472E617002F2121 /* Sources */ = {
			isa = PBXSourcesBuildPhase;
			buildActionMask = 2147483647;
			files = (
				83A899042472E617002F2121 /* Emu6510Tests.swift in Sources */,
				1117DF76F074C10606826202 /* OpCodes.swift in Sources */,
			);
			runOnlyForDeploymentPostprocessing = 0;
		};
		83A899142472E678002F2121 /* Sources */ = {
			isa = PBXSourcesBuildPhase;
			buildActionMask = 2147483647;
			files = (
				83A8991B2472E678002F2121 /* main.swift in Sources */,
			);
			runOnlyForDeploymentPostprocessing = 0;
		};
/* End PBXSourcesBuildPhase section */

/* Begin PBXTargetDependency section */
		83A899012472E617002F2121 /* PBXTargetDependency */ = {
			isa = PBXTargetDependency;
			target = 83A898F42472E617002F2121 /* Emu6510 */;
			targetProxy = 83A899002472E617002F2121 /* PBXContainerItemProxy */;
		};
/* End PBXTargetDependency section */

/* Begin XCBuildConfiguration section */
		83A899072472E617002F2121 /* Debug */ = {
			isa = XCBuildConfiguration;
			buildSettings = {
				ALWAYS_SEARCH_USER_PATHS = NO;
				CLANG_ANALYZER_NONNULL = YES;
				CLANG_ANALYZER_NUMBER_OBJECT_CONVERSION = YES_AGGRESSIVE;
				CLANG_CXX_LANGUAGE_STANDARD = "gnu++14";
				CLANG_CXX_LIBRARY = "libc++";
				CLANG_ENABLE_MODULES = YES;
				CLANG_ENABLE_OBJC_ARC = YES;
				CLANG_ENABLE_OBJC_WEAK = YES;
				CLANG_WARN_BLOCK_CAPTURE_AUTORELEASING = YES;
				CLANG_WARN_BOOL_CONVERSION = YES;
				CLANG_WARN_COMMA = YES;
				CLANG_WARN_CONSTANT_CONVERSION = YES;
				CLANG_WARN_DEPRECATED_OBJC_IMPLEMENTATIONS = YES;
				CLANG_WARN_DIRECT_OBJC_ISA_USAGE = YES_ERROR;
				CLANG_WARN_DOCUMENTATION_COMMENTS = YES;
				CLANG_WARN_EMPTY_BODY = YES;
				CLANG_WARN_ENUM_CONVERSION = YES;
				CLANG_WARN_INFINITE_RECURSION = YES;
				CLANG_WARN_INT_CONVERSION = YES;
				CLANG_WARN_NON_LITERAL_NULL_CONVERSION = YES;
				CLANG_WARN_OBJC_IMPLICIT_RETAIN_SELF = YES;
				CLANG_WARN_OBJC_LITERAL_CONVERSION = YES;
				CLANG_WARN_OBJC_ROOT_CLASS = YES_ERROR;
				CLANG_WARN_RANGE_LOOP_ANALYSIS = YES;
				CLANG_WARN_STRICT_PROTOTYPES = YES;
				CLANG_WARN_SUSPICIOUS_MOVE = YES;
				CLANG_WARN_UNGUARDED_AVAILABILITY = YES_AGGRESSIVE;
				CLANG_WARN_UNREACHABLE_CODE = YES;
				CLANG_WARN__DUPLICATE_METHOD_MATCH = YES;
				COPY_PHASE_STRIP = NO;
				CURRENT_PROJECT_VERSION = 1;
				DEBUG_INFORMATION_FORMAT = dwarf;
				ENABLE_STRICT_OBJC_MSGSEND = YES;
				ENABLE_TESTABILITY = YES;
				GCC_C_LANGUAGE_STANDARD = gnu11;
				GCC_DYNAMIC_NO_PIC = NO;
				GCC_NO_COMMON_BLOCKS = YES;
				GCC_OPTIMIZATION_LEVEL = 0;
				GCC_PREPROCESSOR_DEFINITIONS = (
					"DEBUG=1",
					"$(inherited)",
				);
				GCC_WARN_64_TO_32_BIT_CONVERSION = YES;
				GCC_WARN_ABOUT_RETURN_TYPE = YES_ERROR;
				GCC_WARN_UNDECLARED_SELECTOR = YES;
				GCC_WARN_UNINITIALIZED_AUTOS = YES_AGGRESSIVE;
				GCC_WARN_UNUSED_FUNCTION = YES;
				GCC_WARN_UNUSED_VARIABLE = YES;
				MACOSX_DEPLOYMENT_TARGET = 10.15;
				MTL_ENABLE_DEBUG_INFO = INCLUDE_SOURCE;
				MTL_FAST_MATH = YES;
				ONLY_ACTIVE_ARCH = YES;
				SDKROOT = macosx;
				SWIFT_ACTIVE_COMPILATION_CONDITIONS = DEBUG;
				SWIFT_COMPILATION_MODE = singlefile;
				SWIFT_OPTIMIZATION_LEVEL = "-O";
				VERSIONING_SYSTEM = "apple-generic";
				VERSION_INFO_PREFIX = "";
			};
			name = Debug;
		};
		83A899082472E617002F2121 /* Release */ = {
			isa = XCBuildConfiguration;
			buildSettings = {
				ALWAYS_SEARCH_USER_PATHS = NO;
				CLANG_ANALYZER_NONNULL = YES;
				CLANG_ANALYZER_NUMBER_OBJECT_CONVERSION = YES_AGGRESSIVE;
				CLANG_CXX_LANGUAGE_STANDARD = "gnu++14";
				CLANG_CXX_LIBRARY = "libc++";
				CLANG_ENABLE_MODULES = YES;
				CLANG_ENABLE_OBJC_ARC = YES;
				CLANG_ENABLE_OBJC_WEAK = YES;
				CLANG_WARN_BLOCK_CAPTURE_AUTORELEASING = YES;
				CLANG_WARN_BOOL_CONVERSION = YES;
				CLANG_WARN_COMMA = YES;
				CLANG_WARN_CONSTANT_CONVERSION = YES;
				CLANG_WARN_DEPRECATED_OBJC_IMPLEMENTATIONS = YES;
				CLANG_WARN_DIRECT_OBJC_ISA_USAGE = YES_ERROR;
				CLANG_WARN_DOCUMENTATION_COMMENTS = YES;
				CLANG_WARN_EMPTY_BODY = YES;
				CLANG_WARN_ENUM_CONVERSION = YES;
				CLANG_WARN_INFINITE_RECURSION = YES;
				CLANG_WARN_INT_CONVERSION = YES;
				CLANG_WARN_NON_LITERAL_NULL_CONVERSION = YES;
				CLANG_WARN_OBJC_IMPLICIT_RETAIN_SELF = YES;
				CLANG_WARN_OBJC_LITERAL_CONVERSION = YES;
				CLANG_WARN_OBJC_ROOT_CLASS = YES_ERROR;
				CLANG_WARN_RANGE_LOOP_ANALYSIS = YES;
				CLANG_WARN_STRICT_PROTOTYPES = YES;
				CLANG_WARN_SUSPICIOUS_MOVE = YES;
				CLANG_WARN_UNGUARDED_AVAILABILITY = YES_AGGRESSIVE;
				CLANG_WARN_UNREACHABLE_CODE = YES;
				CLANG_WARN__DUPLICATE_METHOD_MATCH = YES;
				COPY_PHASE_STRIP = NO;
				CURRENT_PROJECT_VERSION = 1;
				DEBUG_INFORMATION_FORMAT = "dwarf-with-dsym";
				ENABLE_NS_ASSERTIONS = NO;
				ENABLE_STRICT_OBJC_MSGSEND = YES;
				GCC_C_LANGUAGE_STANDARD = gnu11;
				GCC_NO_COMMON_BLOCKS = YES;
				GCC_WARN_64_TO_32_BIT_CONVERSION = YES;
				GCC_WARN_ABOUT_RETURN_TYPE = YES_ERROR;
				GCC_WARN_UNDECLARED_SELECTOR = YES;
				GCC_WARN_UNINITIALIZED_AUTOS = YES_AGGRESSIVE;
				GCC_WARN_UNUSED_FUNCTION = YES;
				GCC_WARN_UNUSED_VARIABLE = YES;
				MACOSX_DEPLOYMENT_TARGET = 10.15;
				MTL_ENABLE_DEBUG_INFO = NO;
				MTL_FAST_MATH = YES;
				SDKROOT = macosx;
				SWIFT_COMPILATION_MODE = singlefile;
				SWIFT_OPTIMIZATION_LEVEL = "-O";
				VERSIONING_SYSTEM = "apple-generic";
				VERSION_INFO_PREFIX = "";
			};
			name = Release;
		};
		83A8990A2472E617002F2121 /* Debug */ = {
			isa = XCBuildConfiguration;
			buildSettings = {
				CLANG_ENABLE_MODULES = YES;
				CODE_SIGN_STYLE = Automatic;
				COMBINE_HIDPI_IMAGES = YES;
				DEFINES_MODULE = YES;
				DEVELOPMENT_TEAM = Q5XWZ7S7E9;
				DYLIB_COMPATIBILITY_VERSION = 1;
				DYLIB_CURRENT_VERSION = 1;
				DYLIB_INSTALL_NAME_BASE = "@rpath";
				FRAMEWORK_SEARCH_PATHS = (
					"$(inherited)",
					"$(USER_LIBRARY_DIR)/Frameworks",
				);
				INFOPLIST_FILE = Emu6510/Info.plist;
				INSTALL_PATH = "$(LOCAL_LIBRARY_DIR)/Frameworks";
				LD_RUNPATH_SEARCH_PATHS = (
					"$(inherited)",
					"@executable_path/../Frameworks",
					"@loader_path/Frameworks",
				);
				PRODUCT_BUNDLE_IDENTIFIER = com.projectgalen.Emu6510;
				PRODUCT_NAME = "$(TARGET_NAME:c99extidentifier)";
				SKIP_INSTALL = YES;
				SWIFT_VERSION = 5.0;
			};
			name = Debug;
		};
		83A8990B2472E617002F2121 /* Release */ = {
			isa = XCBuildConfiguration;
			buildSettings = {
				CLANG_ENABLE_MODULES = YES;
				CODE_SIGN_STYLE = Automatic;
				COMBINE_HIDPI_IMAGES = YES;
				DEFINES_MODULE = YES;
				DEVELOPMENT_TEAM = Q5XWZ7S7E9;
				DYLIB_COMPATIBILITY_VERSION = 1;
				DYLIB_CURRENT_VERSION = 1;
				DYLIB_INSTALL_NAME_BASE = "@rpath";
				FRAMEWORK_SEARCH_PATHS = (
					"$(inherited)",
					"$(USER_LIBRARY_DIR)/Frameworks",
				);
				INFOPLIST_FILE = Emu6510/Info.plist;
				INSTALL_PATH = "$(LOCAL_LIBRARY_DIR)/Frameworks";
				LD_RUNPATH_SEARCH_PATHS = (
					"$(inherited)",
					"@executable_path/../Frameworks",
					"@loader_path/Frameworks",
				);
				PRODUCT_BUNDLE_IDENTIFIER = com.projectgalen.Emu6510;
				PRODUCT_NAME = "$(TARGET_NAME:c99extidentifier)";
				SKIP_INSTALL = YES;
				SWIFT_VERSION = 5.0;
			};
			name = Release;
		};
		83A8990D2472E617002F2121 /* Debug */ = {
			isa = XCBuildConfiguration;
			buildSettings = {
				ALWAYS_EMBED_SWIFT_STANDARD_LIBRARIES = YES;
				CODE_SIGN_STYLE = Automatic;
				COMBINE_HIDPI_IMAGES = YES;
				DEVELOPMENT_TEAM = Q5XWZ7S7E9;
				FRAMEWORK_SEARCH_PATHS = (
					"$(inherited)",
					"$(USER_LIBRARY_DIR)/Frameworks",
				);
				INFOPLIST_FILE = Emu6510Tests/Info.plist;
				LD_RUNPATH_SEARCH_PATHS = (
					"$(inherited)",
					"@executable_path/../Frameworks",
					"@loader_path/../Frameworks",
				);
				PRODUCT_BUNDLE_IDENTIFIER = com.projectgalen.Emu6510Tests;
				PRODUCT_NAME = "$(TARGET_NAME)";
				SWIFT_VERSION = 5.0;
			};
			name = Debug;
		};
		83A8990E2472E617002F2121 /* Release */ = {
			isa = XCBuildConfiguration;
			buildSettings = {
				ALWAYS_EMBED_SWIFT_STANDARD_LIBRARIES = YES;
				CODE_SIGN_STYLE = Automatic;
				COMBINE_HIDPI_IMAGES = YES;
				DEVELOPMENT_TEAM = Q5XWZ7S7E9;
				FRAMEWORK_SEARCH_PATHS = (
					"$(inherited)",
					"$(USER_LIBRARY_DIR)/Frameworks",
				);
				INFOPLIST_FILE = Emu6510Tests/Info.plist;
				LD_RUNPATH_SEARCH_PATHS = (
					"$(inherited)",
					"@executable_path/../Frameworks",
					"@loader_path/../Frameworks",
				);
				PRODUCT_BUNDLE_IDENTIFIER = com.projectgalen.Emu6510Tests;
				PRODUCT_NAME = "$(TARGET_NAME)";
				SWIFT_VERSION = 5.0;
			};
			name = Release;
		};
		83A8991D2472E678002F2121 /* Debug */ = {
			isa = XCBuildConfiguration;
			buildSettings = {
				CODE_SIGN_STYLE = Automatic;
				DEVELOPMENT_TEAM = Q5XWZ7S7E9;
				ENABLE_HARDENED_RUNTIME = YES;
				FRAMEWORK_SEARCH_PATHS = (
					"$(inherited)",
					"$(USER_LIBRARY_DIR)/Frameworks",
				);
				PRODUCT_NAME = "$(TARGET_NAME)";
				SWIFT_VERSION = 5.0;
			};
			name = Debug;
		};
		83A8991E2472E678002F2121 /* Release */ = {
			isa = XCBuildConfiguration;
			buildSettings = {
				CODE_SIGN_STYLE = Automatic;
				DEVELOPMENT_TEAM = Q5XWZ7S7E9;
				ENABLE_HARDENED_RUNTIME = YES;
				FRAMEWORK_SEARCH_PATHS = (
					"$(inherited)",
					"$(USER_LIBRARY_DIR)/Frameworks",
				);
				PRODUCT_NAME = "$(TARGET_NAME)";
				SWIFT_VERSION = 5.0;
			};
			name = Release;
		};
/* End XCBuildConfiguration section */

/* Begin XCConfigurationList section */
		83A898EF2472E617002F2121 /* Build configuration list for PBXProject "Emu6510" */ = {
			isa = XCConfigurationList;
			buildConfigurations = (
				83A899072472E617002F2121 /* Debug */,
				83A899082472E617002F2121 /* Release */,
			);
			defaultConfigurationIsVisible = 0;
			defaultConfigurationName = Release;
		};
		83A899092472E617002F2121 /* Build configuration list for PBXNativeTarget "Emu6510" */ = {
			isa = XCConfigurationList;
			buildConfigurations = (
				83A8990A2472E617002F2121 /* Debug */,
				83A8990B2472E617002F2121 /* Release */,
			);
			defaultConfigurationIsVisible = 0;
			defaultConfigurationName = Release;
		};
		83A8990C2472E617002F2121 /* Build configuration list for PBXNativeTarget "Emu6510Tests" */ = {
			isa = XCConfigurationList;
			buildConfigurations = (
				83A8990D2472E617002F2121 /* Debug */,
				83A8990E2472E617002F2121 /* Release */,
			);
			defaultConfigurationIsVisible = 0;
			defaultConfigurationName = Release;
		};
		83A8991C2472E678002F2121 /* Build configuration list for PBXNativeTarget "DocFixer" */ = {
			isa = XCConfigurationList;
			buildConfigurations = (
				83A8991D2472E678002F2121 /* Debug */,
				83A8991E2472E678002F2121 /* Release */,
			);
			defaultConfigurationIsVisible = 0;
			defaultConfigurationName = Release;
		};
/* End XCConfigurationList section */
	};
	rootObject = 83A898EC2472E617002F2121 /* Project object */;
}
