// !$*UTF8*$!
{
	archiveVersion = 1;
	classes = {
	};
	objectVersion = 52;
	objects = {

/* Begin PBXAggregateTarget section */
		836379D1251D1CA400657A3B /* Emu6510-All */ = {
			isa = PBXAggregateTarget;
			buildConfigurationList = 836379D2251D1CA400657A3B /* Build configuration list for PBXAggregateTarget "Emu6510-All" */;
			buildPhases = (
			);
			dependencies = (
				836379E1251D1CD000657A3B /* PBXTargetDependency */,
				836379DB251D1CD000657A3B /* PBXTargetDependency */,
				836379DF251D1CD000657A3B /* PBXTargetDependency */,
			);
			name = "Emu6510-All";
			productName = "Emu6510-All";
		};
/* End PBXAggregateTarget section */

/* Begin PBXBuildFile section */
		1117D01D65054C312DDEE3EB /* CPUClock.swift in Sources */ = {isa = PBXBuildFile; fileRef = 1117DB8AF1D8E3167C5E47E8 /* CPUClock.swift */; };
		1117D05C7B2A995626CE4046 /* ROM.swift in Sources */ = {isa = PBXBuildFile; fileRef = 1117D4C40897228155F31F55 /* ROM.swift */; };
		1117D1DF2F51DF1DC7732233 /* Emu6510.h in Headers */ = {isa = PBXBuildFile; fileRef = 1117D6B20123D0B3661713BB /* Emu6510.h */; settings = {ATTRIBUTES = (Public, ); }; };
		1117D3098636E6687F7F4C20 /* CPU65xx.swift in Sources */ = {isa = PBXBuildFile; fileRef = 1117D898E93C68326B5B4D0D /* CPU65xx.swift */; };
		1117D4A540E363B4B8BBB8A3 /* RAM.swift in Sources */ = {isa = PBXBuildFile; fileRef = 1117D9AD1AA0A0DB587CD405 /* RAM.swift */; };
		1117D660A3AC70277DF53E12 /* ProcessorFlags.swift in Sources */ = {isa = PBXBuildFile; fileRef = 1117DFD6209082494BE4A2FA /* ProcessorFlags.swift */; };
		1117D79535FF523F561E82F3 /* SubRAM.swift in Sources */ = {isa = PBXBuildFile; fileRef = 1117D1A3A2A884F9146AA3CC /* SubRAM.swift */; };
		1117D8190552C697CAB23AAD /* OpcodeInfo.swift in Sources */ = {isa = PBXBuildFile; fileRef = 1117D0103545E799DBEBF12A /* OpcodeInfo.swift */; };
		1117D83054F6EF04E63A95F6 /* ClockFrequencies.swift in Sources */ = {isa = PBXBuildFile; fileRef = 1117D3FA2C625950C700918F /* ClockFrequencies.swift */; };
		1117D8C0418C83D64614E5DB /* Utils.swift in Sources */ = {isa = PBXBuildFile; fileRef = 1117D103987D334633B34DD1 /* Utils.swift */; };
		1117D9408D87546D010C01F2 /* AnyRandomAccessMemory.swift in Sources */ = {isa = PBXBuildFile; fileRef = 1117D58DD48648D418634207 /* AnyRandomAccessMemory.swift */; };
		1117DA8C0E8C29B3F34B3178 /* ProcessorFlags.swift in Sources */ = {isa = PBXBuildFile; fileRef = 1117DFD6209082494BE4A2FA /* ProcessorFlags.swift */; };
		1117DAC4B1EAF51EC2A544A8 /* ClockWatcher.swift in Sources */ = {isa = PBXBuildFile; fileRef = 1117D00004529EF6E3236B5D /* ClockWatcher.swift */; };
		1117DB1BD0B42847BD841A10 /* RandomAccessMemory.swift in Sources */ = {isa = PBXBuildFile; fileRef = 1117D8DD4311FE9AD7857B8D /* RandomAccessMemory.swift */; };
		1117DB1FEAC9AB763FF318C3 /* CPUErrors.swift in Sources */ = {isa = PBXBuildFile; fileRef = 1117D703450F182671551863 /* CPUErrors.swift */; };
		1117DB90D6AE946E9CED831E /* CPU6502.swift in Sources */ = {isa = PBXBuildFile; fileRef = 1117D334A228E2D8926DB570 /* CPU6502.swift */; };
		1117DBD19DF9A768AC6539F0 /* AddressBuss.swift in Sources */ = {isa = PBXBuildFile; fileRef = 1117DF4EF76504EBC2DD8E24 /* AddressBuss.swift */; };
		1117DC8CE8DC90F182B24758 /* AddressModes.swift in Sources */ = {isa = PBXBuildFile; fileRef = 1117D02BFDB374D44731C71F /* AddressModes.swift */; };
		1117DD710247E03BDD56E86A /* AddressModes.swift in Sources */ = {isa = PBXBuildFile; fileRef = 1117D02BFDB374D44731C71F /* AddressModes.swift */; };
		1117DE0F1538967775A02808 /* CPU6510.swift in Sources */ = {isa = PBXBuildFile; fileRef = 1117DC1351C9F62C4B7B4CC2 /* CPU6510.swift */; };
		1117DF93B9095EB7544D42ED /* OpcodeInfo.swift in Sources */ = {isa = PBXBuildFile; fileRef = 1117D0103545E799DBEBF12A /* OpcodeInfo.swift */; };
		83637968251CF5D100657A3B /* Emu6510.framework in Frameworks */ = {isa = PBXBuildFile; fileRef = 8363795E251CF5D000657A3B /* Emu6510.framework */; };
		8363796D251CF5D100657A3B /* Emu6510Tests.swift in Sources */ = {isa = PBXBuildFile; fileRef = 8363796C251CF5D100657A3B /* Emu6510Tests.swift */; };
		836379A0251CF98300657A3B /* main.swift in Sources */ = {isa = PBXBuildFile; fileRef = 8363798E251CF95E00657A3B /* main.swift */; };
		836379BC251D14F600657A3B /* main.swift in Sources */ = {isa = PBXBuildFile; fileRef = 836379BB251D14F600657A3B /* main.swift */; };
		83BF6FD2264D81CB0061DEA7 /* Rubicon in Frameworks */ = {isa = PBXBuildFile; productRef = 83637983251CF7F000657A3B /* Rubicon */; };
		83BF6FD3264D81CB0061DEA7 /* PGDocFixer in Frameworks */ = {isa = PBXBuildFile; productRef = 836379A5251CF9B500657A3B /* PGDocFixer */; };
		83BF6FD4264D81CB0061DEA7 /* Rubicon in Frameworks */ = {isa = PBXBuildFile; productRef = 8300370F25276B540077EB13 /* Rubicon */; };
		83BF6FD5264D81CB0061DEA7 /* Rubicon in Frameworks */ = {isa = PBXBuildFile; productRef = 836379C5251D150A00657A3B /* Rubicon */; };
/* End PBXBuildFile section */

/* Begin PBXContainerItemProxy section */
		83490113252E0DC700D67809 /* PBXContainerItemProxy */ = {
			isa = PBXContainerItemProxy;
			containerPortal = 83637955251CF5D000657A3B /* Project object */;
			proxyType = 1;
			remoteGlobalIDString = 8363795D251CF5D000657A3B;
			remoteInfo = Emu6510;
		};
		83637969251CF5D100657A3B /* PBXContainerItemProxy */ = {
			isa = PBXContainerItemProxy;
			containerPortal = 83637955251CF5D000657A3B /* Project object */;
			proxyType = 1;
			remoteGlobalIDString = 8363795D251CF5D000657A3B;
			remoteInfo = Emu6510;
		};
		836379DA251D1CD000657A3B /* PBXContainerItemProxy */ = {
			isa = PBXContainerItemProxy;
			containerPortal = 83637955251CF5D000657A3B /* Project object */;
			proxyType = 1;
			remoteGlobalIDString = 83637992251CF97300657A3B;
			remoteInfo = DocFixer;
		};
		836379DE251D1CD000657A3B /* PBXContainerItemProxy */ = {
			isa = PBXContainerItemProxy;
			containerPortal = 83637955251CF5D000657A3B /* Project object */;
			proxyType = 1;
			remoteGlobalIDString = 83637966251CF5D100657A3B;
			remoteInfo = Emu6510Tests;
		};
		836379E0251D1CD000657A3B /* PBXContainerItemProxy */ = {
			isa = PBXContainerItemProxy;
			containerPortal = 83637955251CF5D000657A3B /* Project object */;
			proxyType = 1;
			remoteGlobalIDString = 836379B8251D14F600657A3B;
			remoteInfo = Tools;
		};
/* End PBXContainerItemProxy section */

/* Begin PBXCopyFilesBuildPhase section */
		83637991251CF97300657A3B /* CopyFiles */ = {
			isa = PBXCopyFilesBuildPhase;
			buildActionMask = 2147483647;
			dstPath = /usr/share/man/man1/;
			dstSubfolderSpec = 0;
			files = (
			);
			runOnlyForDeploymentPostprocessing = 1;
		};
		836379B7251D14F600657A3B /* CopyFiles */ = {
			isa = PBXCopyFilesBuildPhase;
			buildActionMask = 2147483647;
			dstPath = /usr/share/man/man1/;
			dstSubfolderSpec = 0;
			files = (
			);
			runOnlyForDeploymentPostprocessing = 1;
		};
/* End PBXCopyFilesBuildPhase section */

/* Begin PBXFileReference section */
		1117D00004529EF6E3236B5D /* ClockWatcher.swift */ = {isa = PBXFileReference; fileEncoding = 4; lastKnownFileType = sourcecode.swift; path = ClockWatcher.swift; sourceTree = "<group>"; };
		1117D0103545E799DBEBF12A /* OpcodeInfo.swift */ = {isa = PBXFileReference; fileEncoding = 4; lastKnownFileType = sourcecode.swift; path = OpcodeInfo.swift; sourceTree = "<group>"; };
		1117D02BFDB374D44731C71F /* AddressModes.swift */ = {isa = PBXFileReference; fileEncoding = 4; lastKnownFileType = sourcecode.swift; path = AddressModes.swift; sourceTree = "<group>"; };
		1117D103987D334633B34DD1 /* Utils.swift */ = {isa = PBXFileReference; fileEncoding = 4; lastKnownFileType = sourcecode.swift; path = Utils.swift; sourceTree = "<group>"; };
		1117D1A3A2A884F9146AA3CC /* SubRAM.swift */ = {isa = PBXFileReference; fileEncoding = 4; lastKnownFileType = sourcecode.swift; path = SubRAM.swift; sourceTree = "<group>"; };
		1117D3274BCB596FEA6024F4 /* 65c02_invalid.csv */ = {isa = PBXFileReference; lastKnownFileType = file.csv; path = 65c02_invalid.csv; sourceTree = "<group>"; };
		1117D334A228E2D8926DB570 /* CPU6502.swift */ = {isa = PBXFileReference; fileEncoding = 4; lastKnownFileType = sourcecode.swift; path = CPU6502.swift; sourceTree = "<group>"; };
		1117D3E72888D0903471B65D /* opcodes.txt */ = {isa = PBXFileReference; fileEncoding = 4; lastKnownFileType = text; path = opcodes.txt; sourceTree = "<group>"; };
		1117D3FA2C625950C700918F /* ClockFrequencies.swift */ = {isa = PBXFileReference; fileEncoding = 4; lastKnownFileType = sourcecode.swift; path = ClockFrequencies.swift; sourceTree = "<group>"; };
		1117D434C092A48EAD21ED33 /* Info.plist */ = {isa = PBXFileReference; fileEncoding = 4; lastKnownFileType = text.plist.info; path = Info.plist; sourceTree = "<group>"; };
		1117D4C40897228155F31F55 /* ROM.swift */ = {isa = PBXFileReference; fileEncoding = 4; lastKnownFileType = sourcecode.swift; path = ROM.swift; sourceTree = "<group>"; };
		1117D58DD48648D418634207 /* AnyRandomAccessMemory.swift */ = {isa = PBXFileReference; fileEncoding = 4; lastKnownFileType = sourcecode.swift; path = AnyRandomAccessMemory.swift; sourceTree = "<group>"; };
		1117D6B20123D0B3661713BB /* Emu6510.h */ = {isa = PBXFileReference; fileEncoding = 4; lastKnownFileType = sourcecode.c.h; path = Emu6510.h; sourceTree = "<group>"; };
		1117D703450F182671551863 /* CPUErrors.swift */ = {isa = PBXFileReference; fileEncoding = 4; lastKnownFileType = sourcecode.swift; path = CPUErrors.swift; sourceTree = "<group>"; };
		1117D898E93C68326B5B4D0D /* CPU65xx.swift */ = {isa = PBXFileReference; fileEncoding = 4; lastKnownFileType = sourcecode.swift; path = CPU65xx.swift; sourceTree = "<group>"; };
		1117D8DD4311FE9AD7857B8D /* RandomAccessMemory.swift */ = {isa = PBXFileReference; fileEncoding = 4; lastKnownFileType = sourcecode.swift; path = RandomAccessMemory.swift; sourceTree = "<group>"; };
		1117D9AD1AA0A0DB587CD405 /* RAM.swift */ = {isa = PBXFileReference; fileEncoding = 4; lastKnownFileType = sourcecode.swift; path = RAM.swift; sourceTree = "<group>"; };
		1117D9EBF4A6A241D0594F6B /* Info.plist */ = {isa = PBXFileReference; fileEncoding = 4; lastKnownFileType = text.plist.info; path = Info.plist; sourceTree = "<group>"; };
		1117DA37B1AFF1AC08ED37F7 /* 65c02.csv */ = {isa = PBXFileReference; lastKnownFileType = file.csv; path = 65c02.csv; sourceTree = "<group>"; };
		1117DB8AF1D8E3167C5E47E8 /* CPUClock.swift */ = {isa = PBXFileReference; fileEncoding = 4; lastKnownFileType = sourcecode.swift; path = CPUClock.swift; sourceTree = "<group>"; };
		1117DC1351C9F62C4B7B4CC2 /* CPU6510.swift */ = {isa = PBXFileReference; fileEncoding = 4; lastKnownFileType = sourcecode.swift; path = CPU6510.swift; sourceTree = "<group>"; };
		1117DF4EF76504EBC2DD8E24 /* AddressBuss.swift */ = {isa = PBXFileReference; fileEncoding = 4; lastKnownFileType = sourcecode.swift; path = AddressBuss.swift; sourceTree = "<group>"; };
		1117DFD6209082494BE4A2FA /* ProcessorFlags.swift */ = {isa = PBXFileReference; fileEncoding = 4; lastKnownFileType = sourcecode.swift; path = ProcessorFlags.swift; sourceTree = "<group>"; };
		8363795E251CF5D000657A3B /* Emu6510.framework */ = {isa = PBXFileReference; explicitFileType = wrapper.framework; includeInIndex = 0; path = Emu6510.framework; sourceTree = BUILT_PRODUCTS_DIR; };
		83637967251CF5D100657A3B /* Emu6510Tests.xctest */ = {isa = PBXFileReference; explicitFileType = wrapper.cfbundle; includeInIndex = 0; path = Emu6510Tests.xctest; sourceTree = BUILT_PRODUCTS_DIR; };
		8363796C251CF5D100657A3B /* Emu6510Tests.swift */ = {isa = PBXFileReference; lastKnownFileType = sourcecode.swift; path = Emu6510Tests.swift; sourceTree = "<group>"; };
		8363797C251CF6D500657A3B /* README.md */ = {isa = PBXFileReference; lastKnownFileType = net.daringfireball.markdown; path = README.md; sourceTree = "<group>"; };
		8363797F251CF6FE00657A3B /* Package.swift */ = {isa = PBXFileReference; lastKnownFileType = sourcecode.swift; path = Package.swift; sourceTree = "<group>"; };
		83637980251CF6FE00657A3B /* LICENSE */ = {isa = PBXFileReference; lastKnownFileType = text; path = LICENSE; sourceTree = "<group>"; };
		83637981251CF71800657A3B /* LinuxMain.swift */ = {isa = PBXFileReference; lastKnownFileType = sourcecode.swift; path = LinuxMain.swift; sourceTree = "<group>"; };
		8363798E251CF95E00657A3B /* main.swift */ = {isa = PBXFileReference; lastKnownFileType = sourcecode.swift; path = main.swift; sourceTree = "<group>"; };
		83637993251CF97300657A3B /* DocFixer */ = {isa = PBXFileReference; explicitFileType = "compiled.mach-o.executable"; includeInIndex = 0; path = DocFixer; sourceTree = BUILT_PRODUCTS_DIR; };
		836379B9251D14F600657A3B /* Tools */ = {isa = PBXFileReference; explicitFileType = "compiled.mach-o.executable"; includeInIndex = 0; path = Tools; sourceTree = BUILT_PRODUCTS_DIR; };
		836379BB251D14F600657A3B /* main.swift */ = {isa = PBXFileReference; lastKnownFileType = sourcecode.swift; path = main.swift; sourceTree = "<group>"; };
/* End PBXFileReference section */

/* Begin PBXFrameworksBuildPhase section */
		8363795B251CF5D000657A3B /* Frameworks */ = {
			isa = PBXFrameworksBuildPhase;
			buildActionMask = 2147483647;
			files = (
				83BF6FD2264D81CB0061DEA7 /* Rubicon in Frameworks */,
			);
			runOnlyForDeploymentPostprocessing = 0;
		};
		83637964251CF5D100657A3B /* Frameworks */ = {
			isa = PBXFrameworksBuildPhase;
			buildActionMask = 2147483647;
			files = (
				83637968251CF5D100657A3B /* Emu6510.framework in Frameworks */,
			);
			runOnlyForDeploymentPostprocessing = 0;
		};
		83637990251CF97300657A3B /* Frameworks */ = {
			isa = PBXFrameworksBuildPhase;
			buildActionMask = 2147483647;
			files = (
				83BF6FD3264D81CB0061DEA7 /* PGDocFixer in Frameworks */,
				83BF6FD4264D81CB0061DEA7 /* Rubicon in Frameworks */,
			);
			runOnlyForDeploymentPostprocessing = 0;
		};
		836379B6251D14F600657A3B /* Frameworks */ = {
			isa = PBXFrameworksBuildPhase;
			buildActionMask = 2147483647;
			files = (
				83BF6FD5264D81CB0061DEA7 /* Rubicon in Frameworks */,
			);
			runOnlyForDeploymentPostprocessing = 0;
		};
/* End PBXFrameworksBuildPhase section */

/* Begin PBXGroup section */
		1117D56EA0509E14A948147D /* Other */ = {
			isa = PBXGroup;
			children = (
				1117D3E72888D0903471B65D /* opcodes.txt */,
				1117D3274BCB596FEA6024F4 /* 65c02_invalid.csv */,
				1117DA37B1AFF1AC08ED37F7 /* 65c02.csv */,
			);
			path = Other;
			sourceTree = "<group>";
		};
		1117D77ACDB8D2CFA454A496 /* Other */ = {
			isa = PBXGroup;
			children = (
				1117D434C092A48EAD21ED33 /* Info.plist */,
			);
			name = Other;
			sourceTree = "<group>";
		};
		1117D90193736727595875C8 /* Other */ = {
			isa = PBXGroup;
			children = (
				1117D6B20123D0B3661713BB /* Emu6510.h */,
				1117D9EBF4A6A241D0594F6B /* Info.plist */,
			);
			name = Other;
			sourceTree = "<group>";
		};
		83637954251CF5D000657A3B = {
			isa = PBXGroup;
			children = (
				83637980251CF6FE00657A3B /* LICENSE */,
				8363797F251CF6FE00657A3B /* Package.swift */,
				8363797C251CF6D500657A3B /* README.md */,
				8363797B251CF6AC00657A3B /* Tests */,
				8363797A251CF69C00657A3B /* Sources */,
				8363795F251CF5D000657A3B /* Products */,
				836379C4251D150A00657A3B /* Frameworks */,
				1117D56EA0509E14A948147D /* Other */,
			);
			sourceTree = "<group>";
		};
		8363795F251CF5D000657A3B /* Products */ = {
			isa = PBXGroup;
			children = (
				8363795E251CF5D000657A3B /* Emu6510.framework */,
				83637967251CF5D100657A3B /* Emu6510Tests.xctest */,
				83637993251CF97300657A3B /* DocFixer */,
				836379B9251D14F600657A3B /* Tools */,
			);
			name = Products;
			sourceTree = "<group>";
		};
		83637960251CF5D000657A3B /* Emu6510 */ = {
			isa = PBXGroup;
			children = (
				1117D02BFDB374D44731C71F /* AddressModes.swift */,
				1117D0103545E799DBEBF12A /* OpcodeInfo.swift */,
				1117DFD6209082494BE4A2FA /* ProcessorFlags.swift */,
				1117D90193736727595875C8 /* Other */,
				1117D3FA2C625950C700918F /* ClockFrequencies.swift */,
				1117D00004529EF6E3236B5D /* ClockWatcher.swift */,
				1117DB8AF1D8E3167C5E47E8 /* CPUClock.swift */,
				1117D703450F182671551863 /* CPUErrors.swift */,
				1117D8DD4311FE9AD7857B8D /* RandomAccessMemory.swift */,
				1117DF4EF76504EBC2DD8E24 /* AddressBuss.swift */,
				1117D898E93C68326B5B4D0D /* CPU65xx.swift */,
				1117DC1351C9F62C4B7B4CC2 /* CPU6510.swift */,
				1117D103987D334633B34DD1 /* Utils.swift */,
				1117D334A228E2D8926DB570 /* CPU6502.swift */,
				1117D9AD1AA0A0DB587CD405 /* RAM.swift */,
				1117D4C40897228155F31F55 /* ROM.swift */,
				1117D1A3A2A884F9146AA3CC /* SubRAM.swift */,
				1117D58DD48648D418634207 /* AnyRandomAccessMemory.swift */,
			);
			path = Emu6510;
			sourceTree = "<group>";
		};
		8363796B251CF5D100657A3B /* Emu6510Tests */ = {
			isa = PBXGroup;
			children = (
				8363796C251CF5D100657A3B /* Emu6510Tests.swift */,
				1117D77ACDB8D2CFA454A496 /* Other */,
			);
			path = Emu6510Tests;
			sourceTree = "<group>";
		};
		8363797A251CF69C00657A3B /* Sources */ = {
			isa = PBXGroup;
			children = (
				836379BA251D14F600657A3B /* Tools */,
				8363798D251CF93F00657A3B /* DocFixer */,
				83637960251CF5D000657A3B /* Emu6510 */,
			);
			path = Sources;
			sourceTree = "<group>";
		};
		8363797B251CF6AC00657A3B /* Tests */ = {
			isa = PBXGroup;
			children = (
				83637981251CF71800657A3B /* LinuxMain.swift */,
				8363796B251CF5D100657A3B /* Emu6510Tests */,
			);
			path = Tests;
			sourceTree = "<group>";
		};
		8363798D251CF93F00657A3B /* DocFixer */ = {
			isa = PBXGroup;
			children = (
				8363798E251CF95E00657A3B /* main.swift */,
			);
			path = DocFixer;
			sourceTree = "<group>";
		};
		836379BA251D14F600657A3B /* Tools */ = {
			isa = PBXGroup;
			children = (
				836379BB251D14F600657A3B /* main.swift */,
			);
			path = Tools;
			sourceTree = "<group>";
		};
		836379C4251D150A00657A3B /* Frameworks */ = {
			isa = PBXGroup;
			children = (
			);
			name = Frameworks;
			sourceTree = "<group>";
		};
/* End PBXGroup section */

/* Begin PBXHeadersBuildPhase section */
		83637959251CF5D000657A3B /* Headers */ = {
			isa = PBXHeadersBuildPhase;
			buildActionMask = 2147483647;
			files = (
				1117D1DF2F51DF1DC7732233 /* Emu6510.h in Headers */,
			);
			runOnlyForDeploymentPostprocessing = 0;
		};
/* End PBXHeadersBuildPhase section */

/* Begin PBXNativeTarget section */
		8363795D251CF5D000657A3B /* Emu6510 */ = {
			isa = PBXNativeTarget;
			buildConfigurationList = 83637972251CF5D100657A3B /* Build configuration list for PBXNativeTarget "Emu6510" */;
			buildPhases = (
				83637959251CF5D000657A3B /* Headers */,
				8363795A251CF5D000657A3B /* Sources */,
				8363795B251CF5D000657A3B /* Frameworks */,
				8363795C251CF5D000657A3B /* Resources */,
			);
			buildRules = (
			);
			dependencies = (
			);
			name = Emu6510;
			packageProductDependencies = (
				83637983251CF7F000657A3B /* Rubicon */,
			);
			productName = Emu6510;
			productReference = 8363795E251CF5D000657A3B /* Emu6510.framework */;
			productType = "com.apple.product-type.framework";
		};
		83637966251CF5D100657A3B /* Emu6510Tests */ = {
			isa = PBXNativeTarget;
			buildConfigurationList = 83637975251CF5D100657A3B /* Build configuration list for PBXNativeTarget "Emu6510Tests" */;
			buildPhases = (
				83637963251CF5D100657A3B /* Sources */,
				83637964251CF5D100657A3B /* Frameworks */,
				83637965251CF5D100657A3B /* Resources */,
			);
			buildRules = (
			);
			dependencies = (
				8363796A251CF5D100657A3B /* PBXTargetDependency */,
			);
			name = Emu6510Tests;
			productName = Emu6510Tests;
			productReference = 83637967251CF5D100657A3B /* Emu6510Tests.xctest */;
			productType = "com.apple.product-type.bundle.unit-test";
		};
		83637992251CF97300657A3B /* DocFixer */ = {
			isa = PBXNativeTarget;
			buildConfigurationList = 83637997251CF97300657A3B /* Build configuration list for PBXNativeTarget "DocFixer" */;
			buildPhases = (
				8363798F251CF97300657A3B /* Sources */,
				83637990251CF97300657A3B /* Frameworks */,
				83637991251CF97300657A3B /* CopyFiles */,
			);
			buildRules = (
			);
			dependencies = (
				83490114252E0DC700D67809 /* PBXTargetDependency */,
			);
			name = DocFixer;
			packageProductDependencies = (
				836379A5251CF9B500657A3B /* PGDocFixer */,
				8300370F25276B540077EB13 /* Rubicon */,
			);
			productName = DocFixer;
			productReference = 83637993251CF97300657A3B /* DocFixer */;
			productType = "com.apple.product-type.tool";
		};
		836379B8251D14F600657A3B /* Tools */ = {
			isa = PBXNativeTarget;
			buildConfigurationList = 836379BD251D14F600657A3B /* Build configuration list for PBXNativeTarget "Tools" */;
			buildPhases = (
				836379B5251D14F600657A3B /* Sources */,
				836379B6251D14F600657A3B /* Frameworks */,
				836379B7251D14F600657A3B /* CopyFiles */,
			);
			buildRules = (
			);
			dependencies = (
			);
			name = Tools;
			packageProductDependencies = (
				836379C5251D150A00657A3B /* Rubicon */,
			);
			productName = Tools;
			productReference = 836379B9251D14F600657A3B /* Tools */;
			productType = "com.apple.product-type.tool";
		};
/* End PBXNativeTarget section */

/* Begin PBXProject section */
		83637955251CF5D000657A3B /* Project object */ = {
			isa = PBXProject;
			attributes = {
				LastSwiftUpdateCheck = 1200;
				LastUpgradeCheck = 1200;
				TargetAttributes = {
					8363795D251CF5D000657A3B = {
						CreatedOnToolsVersion = 12.0;
					};
					83637966251CF5D100657A3B = {
						CreatedOnToolsVersion = 12.0;
					};
					83637992251CF97300657A3B = {
						CreatedOnToolsVersion = 12.0;
					};
					836379B8251D14F600657A3B = {
						CreatedOnToolsVersion = 12.0;
					};
					836379D1251D1CA400657A3B = {
						CreatedOnToolsVersion = 12.0;
					};
				};
			};
			buildConfigurationList = 83637958251CF5D000657A3B /* Build configuration list for PBXProject "Emu6510" */;
			compatibilityVersion = "Xcode 9.3";
			developmentRegion = en;
			hasScannedForEncodings = 0;
			knownRegions = (
				en,
				Base,
			);
			mainGroup = 83637954251CF5D000657A3B;
			packageReferences = (
				83637982251CF7F000657A3B /* XCRemoteSwiftPackageReference "Rubicon" */,
				836379A4251CF9B500657A3B /* XCRemoteSwiftPackageReference "PGDocFixer" */,
			);
			productRefGroup = 8363795F251CF5D000657A3B /* Products */;
			projectDirPath = "";
			projectRoot = "";
			targets = (
				8363795D251CF5D000657A3B /* Emu6510 */,
				83637966251CF5D100657A3B /* Emu6510Tests */,
				83637992251CF97300657A3B /* DocFixer */,
				836379B8251D14F600657A3B /* Tools */,
				836379D1251D1CA400657A3B /* Emu6510-All */,
			);
		};
/* End PBXProject section */

/* Begin PBXResourcesBuildPhase section */
		8363795C251CF5D000657A3B /* Resources */ = {
			isa = PBXResourcesBuildPhase;
			buildActionMask = 2147483647;
			files = (
			);
			runOnlyForDeploymentPostprocessing = 0;
		};
		83637965251CF5D100657A3B /* Resources */ = {
			isa = PBXResourcesBuildPhase;
			buildActionMask = 2147483647;
			files = (
			);
			runOnlyForDeploymentPostprocessing = 0;
		};
/* End PBXResourcesBuildPhase section */

/* Begin PBXSourcesBuildPhase section */
		8363795A251CF5D000657A3B /* Sources */ = {
			isa = PBXSourcesBuildPhase;
			buildActionMask = 2147483647;
			files = (
				1117DF93B9095EB7544D42ED /* OpcodeInfo.swift in Sources */,
				1117DD710247E03BDD56E86A /* AddressModes.swift in Sources */,
				1117D660A3AC70277DF53E12 /* ProcessorFlags.swift in Sources */,
				1117D83054F6EF04E63A95F6 /* ClockFrequencies.swift in Sources */,
				1117DAC4B1EAF51EC2A544A8 /* ClockWatcher.swift in Sources */,
				1117D01D65054C312DDEE3EB /* CPUClock.swift in Sources */,
				1117DB1FEAC9AB763FF318C3 /* CPUErrors.swift in Sources */,
				1117DB1BD0B42847BD841A10 /* RandomAccessMemory.swift in Sources */,
				1117DBD19DF9A768AC6539F0 /* AddressBuss.swift in Sources */,
				1117D3098636E6687F7F4C20 /* CPU65xx.swift in Sources */,
				1117DE0F1538967775A02808 /* CPU6510.swift in Sources */,
				1117D8C0418C83D64614E5DB /* Utils.swift in Sources */,
				1117DB90D6AE946E9CED831E /* CPU6502.swift in Sources */,
				1117D4A540E363B4B8BBB8A3 /* RAM.swift in Sources */,
				1117D05C7B2A995626CE4046 /* ROM.swift in Sources */,
				1117D79535FF523F561E82F3 /* SubRAM.swift in Sources */,
				1117D9408D87546D010C01F2 /* AnyRandomAccessMemory.swift in Sources */,
			);
			runOnlyForDeploymentPostprocessing = 0;
		};
		83637963251CF5D100657A3B /* Sources */ = {
			isa = PBXSourcesBuildPhase;
			buildActionMask = 2147483647;
			files = (
				8363796D251CF5D100657A3B /* Emu6510Tests.swift in Sources */,
			);
			runOnlyForDeploymentPostprocessing = 0;
		};
		8363798F251CF97300657A3B /* Sources */ = {
			isa = PBXSourcesBuildPhase;
			buildActionMask = 2147483647;
			files = (
				836379A0251CF98300657A3B /* main.swift in Sources */,
			);
			runOnlyForDeploymentPostprocessing = 0;
		};
		836379B5251D14F600657A3B /* Sources */ = {
			isa = PBXSourcesBuildPhase;
			buildActionMask = 2147483647;
			files = (
				836379BC251D14F600657A3B /* main.swift in Sources */,
				1117D8190552C697CAB23AAD /* OpcodeInfo.swift in Sources */,
				1117DA8C0E8C29B3F34B3178 /* ProcessorFlags.swift in Sources */,
				1117DC8CE8DC90F182B24758 /* AddressModes.swift in Sources */,
			);
			runOnlyForDeploymentPostprocessing = 0;
		};
/* End PBXSourcesBuildPhase section */

/* Begin PBXTargetDependency section */
		83490114252E0DC700D67809 /* PBXTargetDependency */ = {
			isa = PBXTargetDependency;
			target = 8363795D251CF5D000657A3B /* Emu6510 */;
			targetProxy = 83490113252E0DC700D67809 /* PBXContainerItemProxy */;
		};
		8363796A251CF5D100657A3B /* PBXTargetDependency */ = {
			isa = PBXTargetDependency;
			target = 8363795D251CF5D000657A3B /* Emu6510 */;
			targetProxy = 83637969251CF5D100657A3B /* PBXContainerItemProxy */;
		};
		836379DB251D1CD000657A3B /* PBXTargetDependency */ = {
			isa = PBXTargetDependency;
			target = 83637992251CF97300657A3B /* DocFixer */;
			targetProxy = 836379DA251D1CD000657A3B /* PBXContainerItemProxy */;
		};
		836379DF251D1CD000657A3B /* PBXTargetDependency */ = {
			isa = PBXTargetDependency;
			target = 83637966251CF5D100657A3B /* Emu6510Tests */;
			targetProxy = 836379DE251D1CD000657A3B /* PBXContainerItemProxy */;
		};
		836379E1251D1CD000657A3B /* PBXTargetDependency */ = {
			isa = PBXTargetDependency;
			target = 836379B8251D14F600657A3B /* Tools */;
			targetProxy = 836379E0251D1CD000657A3B /* PBXContainerItemProxy */;
		};
/* End PBXTargetDependency section */

/* Begin XCBuildConfiguration section */
		83637970251CF5D100657A3B /* Debug */ = {
			isa = XCBuildConfiguration;
			buildSettings = {
				ALWAYS_SEARCH_USER_PATHS = NO;
				CLANG_ANALYZER_NONNULL = YES;
				CLANG_ANALYZER_NUMBER_OBJECT_CONVERSION = YES_AGGRESSIVE;
				CLANG_CXX_LANGUAGE_STANDARD = "gnu++14";
				CLANG_CXX_LIBRARY = "libc++";
				CLANG_ENABLE_MODULES = YES;
				CLANG_ENABLE_OBJC_ARC = YES;
				CLANG_ENABLE_OBJC_WEAK = YES;
				CLANG_WARN_BLOCK_CAPTURE_AUTORELEASING = YES;
				CLANG_WARN_BOOL_CONVERSION = YES;
				CLANG_WARN_COMMA = YES;
				CLANG_WARN_CONSTANT_CONVERSION = YES;
				CLANG_WARN_DEPRECATED_OBJC_IMPLEMENTATIONS = YES;
				CLANG_WARN_DIRECT_OBJC_ISA_USAGE = YES_ERROR;
				CLANG_WARN_DOCUMENTATION_COMMENTS = YES;
				CLANG_WARN_EMPTY_BODY = YES;
				CLANG_WARN_ENUM_CONVERSION = YES;
				CLANG_WARN_INFINITE_RECURSION = YES;
				CLANG_WARN_INT_CONVERSION = YES;
				CLANG_WARN_NON_LITERAL_NULL_CONVERSION = YES;
				CLANG_WARN_OBJC_IMPLICIT_RETAIN_SELF = YES;
				CLANG_WARN_OBJC_LITERAL_CONVERSION = YES;
				CLANG_WARN_OBJC_ROOT_CLASS = YES_ERROR;
				CLANG_WARN_QUOTED_INCLUDE_IN_FRAMEWORK_HEADER = YES;
				CLANG_WARN_RANGE_LOOP_ANALYSIS = YES;
				CLANG_WARN_STRICT_PROTOTYPES = YES;
				CLANG_WARN_SUSPICIOUS_MOVE = YES;
				CLANG_WARN_UNGUARDED_AVAILABILITY = YES_AGGRESSIVE;
				CLANG_WARN_UNREACHABLE_CODE = YES;
				CLANG_WARN__DUPLICATE_METHOD_MATCH = YES;
				COPY_PHASE_STRIP = NO;
				CURRENT_PROJECT_VERSION = 1;
				DEBUG_INFORMATION_FORMAT = dwarf;
				ENABLE_STRICT_OBJC_MSGSEND = YES;
				ENABLE_TESTABILITY = YES;
				GCC_C_LANGUAGE_STANDARD = gnu11;
				GCC_DYNAMIC_NO_PIC = NO;
				GCC_NO_COMMON_BLOCKS = YES;
				GCC_OPTIMIZATION_LEVEL = 0;
				GCC_PREPROCESSOR_DEFINITIONS = (
					"DEBUG=1",
					"$(inherited)",
				);
				GCC_WARN_64_TO_32_BIT_CONVERSION = YES;
				GCC_WARN_ABOUT_RETURN_TYPE = YES_ERROR;
				GCC_WARN_UNDECLARED_SELECTOR = YES;
				GCC_WARN_UNINITIALIZED_AUTOS = YES_AGGRESSIVE;
				GCC_WARN_UNUSED_FUNCTION = YES;
				GCC_WARN_UNUSED_VARIABLE = YES;
				MACOSX_DEPLOYMENT_TARGET = 10.15;
				MTL_ENABLE_DEBUG_INFO = INCLUDE_SOURCE;
				MTL_FAST_MATH = YES;
				ONLY_ACTIVE_ARCH = YES;
				SDKROOT = macosx;
				SWIFT_ACTIVE_COMPILATION_CONDITIONS = DEBUG;
				SWIFT_OPTIMIZATION_LEVEL = "-Onone";
				VERSIONING_SYSTEM = "apple-generic";
				VERSION_INFO_PREFIX = "";
			};
			name = Debug;
		};
		83637971251CF5D100657A3B /* Release */ = {
			isa = XCBuildConfiguration;
			buildSettings = {
				ALWAYS_SEARCH_USER_PATHS = NO;
				CLANG_ANALYZER_NONNULL = YES;
				CLANG_ANALYZER_NUMBER_OBJECT_CONVERSION = YES_AGGRESSIVE;
				CLANG_CXX_LANGUAGE_STANDARD = "gnu++14";
				CLANG_CXX_LIBRARY = "libc++";
				CLANG_ENABLE_MODULES = YES;
				CLANG_ENABLE_OBJC_ARC = YES;
				CLANG_ENABLE_OBJC_WEAK = YES;
				CLANG_WARN_BLOCK_CAPTURE_AUTORELEASING = YES;
				CLANG_WARN_BOOL_CONVERSION = YES;
				CLANG_WARN_COMMA = YES;
				CLANG_WARN_CONSTANT_CONVERSION = YES;
				CLANG_WARN_DEPRECATED_OBJC_IMPLEMENTATIONS = YES;
				CLANG_WARN_DIRECT_OBJC_ISA_USAGE = YES_ERROR;
				CLANG_WARN_DOCUMENTATION_COMMENTS = YES;
				CLANG_WARN_EMPTY_BODY = YES;
				CLANG_WARN_ENUM_CONVERSION = YES;
				CLANG_WARN_INFINITE_RECURSION = YES;
				CLANG_WARN_INT_CONVERSION = YES;
				CLANG_WARN_NON_LITERAL_NULL_CONVERSION = YES;
				CLANG_WARN_OBJC_IMPLICIT_RETAIN_SELF = YES;
				CLANG_WARN_OBJC_LITERAL_CONVERSION = YES;
				CLANG_WARN_OBJC_ROOT_CLASS = YES_ERROR;
				CLANG_WARN_QUOTED_INCLUDE_IN_FRAMEWORK_HEADER = YES;
				CLANG_WARN_RANGE_LOOP_ANALYSIS = YES;
				CLANG_WARN_STRICT_PROTOTYPES = YES;
				CLANG_WARN_SUSPICIOUS_MOVE = YES;
				CLANG_WARN_UNGUARDED_AVAILABILITY = YES_AGGRESSIVE;
				CLANG_WARN_UNREACHABLE_CODE = YES;
				CLANG_WARN__DUPLICATE_METHOD_MATCH = YES;
				COPY_PHASE_STRIP = NO;
				CURRENT_PROJECT_VERSION = 1;
				DEBUG_INFORMATION_FORMAT = "dwarf-with-dsym";
				ENABLE_NS_ASSERTIONS = NO;
				ENABLE_STRICT_OBJC_MSGSEND = YES;
				GCC_C_LANGUAGE_STANDARD = gnu11;
				GCC_NO_COMMON_BLOCKS = YES;
				GCC_WARN_64_TO_32_BIT_CONVERSION = YES;
				GCC_WARN_ABOUT_RETURN_TYPE = YES_ERROR;
				GCC_WARN_UNDECLARED_SELECTOR = YES;
				GCC_WARN_UNINITIALIZED_AUTOS = YES_AGGRESSIVE;
				GCC_WARN_UNUSED_FUNCTION = YES;
				GCC_WARN_UNUSED_VARIABLE = YES;
				MACOSX_DEPLOYMENT_TARGET = 10.15;
				MTL_ENABLE_DEBUG_INFO = NO;
				MTL_FAST_MATH = YES;
				SDKROOT = macosx;
				SWIFT_ACTIVE_COMPILATION_CONDITIONS = RELEASE;
				SWIFT_COMPILATION_MODE = wholemodule;
				SWIFT_OPTIMIZATION_LEVEL = "-O";
				VERSIONING_SYSTEM = "apple-generic";
				VERSION_INFO_PREFIX = "";
			};
			name = Release;
		};
		83637973251CF5D100657A3B /* Debug */ = {
			isa = XCBuildConfiguration;
			buildSettings = {
				CODE_SIGN_STYLE = Automatic;
				COMBINE_HIDPI_IMAGES = YES;
				DEFINES_MODULE = YES;
				DEVELOPMENT_TEAM = Q5XWZ7S7E9;
				DYLIB_COMPATIBILITY_VERSION = 1;
				DYLIB_CURRENT_VERSION = 1;
				DYLIB_INSTALL_NAME_BASE = "@rpath";
				INFOPLIST_FILE = Sources/Emu6510/Info.plist;
				INSTALL_PATH = "$(LOCAL_LIBRARY_DIR)/Frameworks";
				LD_RUNPATH_SEARCH_PATHS = (
					"$(inherited)",
					"@executable_path/../Frameworks",
					"@loader_path/Frameworks",
					"~/Library/Frameworks",
				);
				PRODUCT_BUNDLE_IDENTIFIER = com.projectgalen.Emu6510;
				PRODUCT_NAME = "$(TARGET_NAME:c99extidentifier)";
				SKIP_INSTALL = YES;
				SWIFT_VERSION = 5.0;
			};
			name = Debug;
		};
		83637974251CF5D100657A3B /* Release */ = {
			isa = XCBuildConfiguration;
			buildSettings = {
				CODE_SIGN_STYLE = Automatic;
				COMBINE_HIDPI_IMAGES = YES;
				DEFINES_MODULE = YES;
				DEVELOPMENT_TEAM = Q5XWZ7S7E9;
				DYLIB_COMPATIBILITY_VERSION = 1;
				DYLIB_CURRENT_VERSION = 1;
				DYLIB_INSTALL_NAME_BASE = "@rpath";
				INFOPLIST_FILE = Sources/Emu6510/Info.plist;
				INSTALL_PATH = "$(LOCAL_LIBRARY_DIR)/Frameworks";
				LD_RUNPATH_SEARCH_PATHS = (
					"$(inherited)",
					"@executable_path/../Frameworks",
					"@loader_path/Frameworks",
					"~/Library/Frameworks",
				);
				PRODUCT_BUNDLE_IDENTIFIER = com.projectgalen.Emu6510;
				PRODUCT_NAME = "$(TARGET_NAME:c99extidentifier)";
				SKIP_INSTALL = YES;
				SWIFT_DISABLE_SAFETY_CHECKS = YES;
				SWIFT_VERSION = 5.0;
			};
			name = Release;
		};
		83637976251CF5D100657A3B /* Debug */ = {
			isa = XCBuildConfiguration;
			buildSettings = {
				CODE_SIGN_STYLE = Automatic;
				COMBINE_HIDPI_IMAGES = YES;
				DEVELOPMENT_TEAM = Q5XWZ7S7E9;
				INFOPLIST_FILE = Tests/Emu6510Tests/Info.plist;
				LD_RUNPATH_SEARCH_PATHS = (
					"$(inherited)",
					"@executable_path/../Frameworks",
					"@loader_path/../Frameworks",
				);
				PRODUCT_BUNDLE_IDENTIFIER = com.projectgalen.Emu6510Tests;
				PRODUCT_NAME = "$(TARGET_NAME)";
				SWIFT_VERSION = 5.0;
			};
			name = Debug;
		};
		83637977251CF5D100657A3B /* Release */ = {
			isa = XCBuildConfiguration;
			buildSettings = {
				CODE_SIGN_STYLE = Automatic;
				COMBINE_HIDPI_IMAGES = YES;
				DEVELOPMENT_TEAM = Q5XWZ7S7E9;
				INFOPLIST_FILE = Tests/Emu6510Tests/Info.plist;
				LD_RUNPATH_SEARCH_PATHS = (
					"$(inherited)",
					"@executable_path/../Frameworks",
					"@loader_path/../Frameworks",
				);
				PRODUCT_BUNDLE_IDENTIFIER = com.projectgalen.Emu6510Tests;
				PRODUCT_NAME = "$(TARGET_NAME)";
				SWIFT_VERSION = 5.0;
			};
			name = Release;
		};
		83637998251CF97300657A3B /* Debug */ = {
			isa = XCBuildConfiguration;
			buildSettings = {
				CODE_SIGN_IDENTITY = "-";
				CODE_SIGN_STYLE = Automatic;
				DEVELOPMENT_TEAM = Q5XWZ7S7E9;
				ENABLE_HARDENED_RUNTIME = YES;
				PRODUCT_NAME = "$(TARGET_NAME)";
				SWIFT_VERSION = 5.0;
			};
			name = Debug;
		};
		83637999251CF97300657A3B /* Release */ = {
			isa = XCBuildConfiguration;
			buildSettings = {
				CODE_SIGN_IDENTITY = "-";
				CODE_SIGN_STYLE = Automatic;
				DEVELOPMENT_TEAM = Q5XWZ7S7E9;
				ENABLE_HARDENED_RUNTIME = YES;
				PRODUCT_NAME = "$(TARGET_NAME)";
				SWIFT_DISABLE_SAFETY_CHECKS = YES;
				SWIFT_VERSION = 5.0;
			};
			name = Release;
		};
		836379BE251D14F600657A3B /* Debug */ = {
			isa = XCBuildConfiguration;
			buildSettings = {
				CODE_SIGN_IDENTITY = "-";
				CODE_SIGN_STYLE = Automatic;
				DEVELOPMENT_TEAM = Q5XWZ7S7E9;
				ENABLE_HARDENED_RUNTIME = YES;
				PRODUCT_NAME = "$(TARGET_NAME)";
				SWIFT_VERSION = 5.0;
			};
			name = Debug;
		};
		836379BF251D14F600657A3B /* Release */ = {
			isa = XCBuildConfiguration;
			buildSettings = {
				CODE_SIGN_IDENTITY = "-";
				CODE_SIGN_STYLE = Automatic;
				DEVELOPMENT_TEAM = Q5XWZ7S7E9;
				ENABLE_HARDENED_RUNTIME = YES;
				PRODUCT_NAME = "$(TARGET_NAME)";
				SWIFT_VERSION = 5.0;
			};
			name = Release;
		};
		836379D3251D1CA400657A3B /* Debug */ = {
			isa = XCBuildConfiguration;
			buildSettings = {
				CODE_SIGN_STYLE = Automatic;
				DEVELOPMENT_TEAM = Q5XWZ7S7E9;
				PRODUCT_NAME = "$(TARGET_NAME)";
			};
			name = Debug;
		};
		836379D4251D1CA400657A3B /* Release */ = {
			isa = XCBuildConfiguration;
			buildSettings = {
				CODE_SIGN_STYLE = Automatic;
				DEVELOPMENT_TEAM = Q5XWZ7S7E9;
				PRODUCT_NAME = "$(TARGET_NAME)";
			};
			name = Release;
		};
/* End XCBuildConfiguration section */

/* Begin XCConfigurationList section */
		83637958251CF5D000657A3B /* Build configuration list for PBXProject "Emu6510" */ = {
			isa = XCConfigurationList;
			buildConfigurations = (
				83637970251CF5D100657A3B /* Debug */,
				83637971251CF5D100657A3B /* Release */,
			);
			defaultConfigurationIsVisible = 0;
			defaultConfigurationName = Release;
		};
		83637972251CF5D100657A3B /* Build configuration list for PBXNativeTarget "Emu6510" */ = {
			isa = XCConfigurationList;
			buildConfigurations = (
				83637973251CF5D100657A3B /* Debug */,
				83637974251CF5D100657A3B /* Release */,
			);
			defaultConfigurationIsVisible = 0;
			defaultConfigurationName = Release;
		};
		83637975251CF5D100657A3B /* Build configuration list for PBXNativeTarget "Emu6510Tests" */ = {
			isa = XCConfigurationList;
			buildConfigurations = (
				83637976251CF5D100657A3B /* Debug */,
				83637977251CF5D100657A3B /* Release */,
			);
			defaultConfigurationIsVisible = 0;
			defaultConfigurationName = Release;
		};
		83637997251CF97300657A3B /* Build configuration list for PBXNativeTarget "DocFixer" */ = {
			isa = XCConfigurationList;
			buildConfigurations = (
				83637998251CF97300657A3B /* Debug */,
				83637999251CF97300657A3B /* Release */,
			);
			defaultConfigurationIsVisible = 0;
			defaultConfigurationName = Release;
		};
		836379BD251D14F600657A3B /* Build configuration list for PBXNativeTarget "Tools" */ = {
			isa = XCConfigurationList;
			buildConfigurations = (
				836379BE251D14F600657A3B /* Debug */,
				836379BF251D14F600657A3B /* Release */,
			);
			defaultConfigurationIsVisible = 0;
			defaultConfigurationName = Release;
		};
		836379D2251D1CA400657A3B /* Build configuration list for PBXAggregateTarget "Emu6510-All" */ = {
			isa = XCConfigurationList;
			buildConfigurations = (
				836379D3251D1CA400657A3B /* Debug */,
				836379D4251D1CA400657A3B /* Release */,
			);
			defaultConfigurationIsVisible = 0;
			defaultConfigurationName = Release;
		};
/* End XCConfigurationList section */

/* Begin XCRemoteSwiftPackageReference section */
		83637982251CF7F000657A3B /* XCRemoteSwiftPackageReference "Rubicon" */ = {
			isa = XCRemoteSwiftPackageReference;
			repositoryURL = "https://github.com/GalenRhodes/Rubicon.git";
			requirement = {
				kind = upToNextMajorVersion;
				minimumVersion = 0.2.12;
			};
		};
		836379A4251CF9B500657A3B /* XCRemoteSwiftPackageReference "PGDocFixer" */ = {
			isa = XCRemoteSwiftPackageReference;
			repositoryURL = "https://github.com/GalenRhodes/PGDocFixer.git";
			requirement = {
				kind = upToNextMajorVersion;
				minimumVersion = 1.0.10;
			};
		};
/* End XCRemoteSwiftPackageReference section */

/* Begin XCSwiftPackageProductDependency section */
		8300370F25276B540077EB13 /* Rubicon */ = {
			isa = XCSwiftPackageProductDependency;
			package = 83637982251CF7F000657A3B /* XCRemoteSwiftPackageReference "Rubicon" */;
			productName = Rubicon;
		};
		83637983251CF7F000657A3B /* Rubicon */ = {
			isa = XCSwiftPackageProductDependency;
			package = 83637982251CF7F000657A3B /* XCRemoteSwiftPackageReference "Rubicon" */;
			productName = Rubicon;
		};
		836379A5251CF9B500657A3B /* PGDocFixer */ = {
			isa = XCSwiftPackageProductDependency;
			package = 836379A4251CF9B500657A3B /* XCRemoteSwiftPackageReference "PGDocFixer" */;
			productName = PGDocFixer;
		};
		836379C5251D150A00657A3B /* Rubicon */ = {
			isa = XCSwiftPackageProductDependency;
			package = 83637982251CF7F000657A3B /* XCRemoteSwiftPackageReference "Rubicon" */;
			productName = Rubicon;
		};
/* End XCSwiftPackageProductDependency section */
	};
	rootObject = 83637955251CF5D000657A3B /* Project object */;
}
